
Microsoft Visual Studio Solution File, Format Version 12.00
# Visual Studio Version 17
VisualStudioVersion = 17.0.31903.59
MinimumVisualStudioVersion = 10.0.40219.1
Project("{2150E333-8FDC-42A3-9474-1A3956D46DE8}") = "tests", "tests", "{55162D23-4BAF-411E-8CFB-5F344F57772F}"
EndProject
Project("{FAE04EC0-301F-11D3-BF4B-00C04F79EFBC}") = "CSharpDotNetProject.Tests", "tests\CSharpDotNetProject.Tests\CSharpDotNetProject.Tests.csproj", "{03EFA7FA-1913-4AF0-B78D-8E885F2204FC}"
EndProject
Project("{2150E333-8FDC-42A3-9474-1A3956D46DE8}") = "src", "src", "{2542DD92-4190-44F7-B4A9-26C40F58C3DC}"
EndProject
Project("{FAE04EC0-301F-11D3-BF4B-00C04F79EFBC}") = "CSharpDotNetProject", "src\CSharpDotNetProject\CSharpDotNetProject.csproj", "{73BA03A2-C0DB-48C4-ABF2-98A693A7BD26}"
EndProject
Global
	GlobalSection(SolutionConfigurationPlatforms) = preSolution
		Debug|Any CPU = Debug|Any CPU
		Release|Any CPU = Release|Any CPU
	EndGlobalSection
	GlobalSection(SolutionProperties) = preSolution
		HideSolutionNode = FALSE
	EndGlobalSection
	GlobalSection(ProjectConfigurationPlatforms) = postSolution
		{03EFA7FA-1913-4AF0-B78D-8E885F2204FC}.Debug|Any CPU.ActiveCfg = Debug|Any CPU
		{03EFA7FA-1913-4AF0-B78D-8E885F2204FC}.Debug|Any CPU.Build.0 = Debug|Any CPU
		{03EFA7FA-1913-4AF0-B78D-8E885F2204FC}.Release|Any CPU.ActiveCfg = Release|Any CPU
		{03EFA7FA-1913-4AF0-B78D-8E885F2204FC}.Release|Any CPU.Build.0 = Release|Any CPU
		{73BA03A2-C0DB-48C4-ABF2-98A693A7BD26}.Debug|Any CPU.ActiveCfg = Debug|Any CPU
		{73BA03A2-C0DB-48C4-ABF2-98A693A7BD26}.Debug|Any CPU.Build.0 = Debug|Any CPU
		{73BA03A2-C0DB-48C4-ABF2-98A693A7BD26}.Release|Any CPU.ActiveCfg = Release|Any CPU
		{73BA03A2-C0DB-48C4-ABF2-98A693A7BD26}.Release|Any CPU.Build.0 = Release|Any CPU
	EndGlobalSection
	GlobalSection(NestedProjects) = preSolution
		{03EFA7FA-1913-4AF0-B78D-8E885F2204FC} = {55162D23-4BAF-411E-8CFB-5F344F57772F}
		{73BA03A2-C0DB-48C4-ABF2-98A693A7BD26} = {2542DD92-4190-44F7-B4A9-26C40F58C3DC}
	EndGlobalSection
EndGlobal
